{
    "_meta": {
        "hash": {
            "sha256": "adaf678133a18d04c7587f8f83221d8ed6160cb6c370f4e90ddd23eb83e7fd71"
        },
        "pipfile-spec": 6,
        "requires": {
            "python_full_version": "3.7.12",
            "python_version": "3.7"
        },
        "sources": [
            {
                "name": "pypi",
                "url": "https://pypi.org/simple",
                "verify_ssl": true
            }
        ]
    },
    "default": {
        "fire": {
            "hashes": [
                "sha256:a6b0d49e98c8963910021f92bba66f65ab440da2982b78eb1bbf95a0a34aacc6"
            ],
            "index": "pypi",
            "version": "==0.5.0"
        },
        "loguru": {
            "hashes": [
                "sha256:003d71e3d3ed35f0f8984898359d65b79e5b21943f78af86aa5491210429b8eb",
                "sha256:e671a53522515f34fd406340ee968cb9ecafbc4b36c679da03c18fd8d0bd51ac"
            ],
            "index": "pypi",
            "version": "==0.7.2"
        },
        "numpy": {
            "hashes": [
                "sha256:1dbe1c91269f880e364526649a52eff93ac30035507ae980d2fed33aaee633ac",
                "sha256:357768c2e4451ac241465157a3e929b265dfac85d9214074985b1786244f2ef3",
                "sha256:3820724272f9913b597ccd13a467cc492a0da6b05df26ea09e78b171a0bb9da6",
                "sha256:4391bd07606be175aafd267ef9bea87cf1b8210c787666ce82073b05f202add1",
                "sha256:4aa48afdce4660b0076a00d80afa54e8a97cd49f457d68a4342d188a09451c1a",
                "sha256:58459d3bad03343ac4b1b42ed14d571b8743dc80ccbf27444f266729df1d6f5b",
                "sha256:5c3c8def4230e1b959671eb959083661b4a0d2e9af93ee339c7dada6759a9470",
                "sha256:5f30427731561ce75d7048ac254dbe47a2ba576229250fb60f0fb74db96501a1",
                "sha256:643843bcc1c50526b3a71cd2ee561cf0d8773f062c8cbaf9ffac9fdf573f83ab",
                "sha256:67c261d6c0a9981820c3a149d255a76918278a6b03b6a036800359aba1256d46",
                "sha256:67f21981ba2f9d7ba9ade60c9e8cbaa8cf8e9ae51673934480e45cf55e953673",
                "sha256:6aaf96c7f8cebc220cdfc03f1d5a31952f027dda050e5a703a0d1c396075e3e7",
                "sha256:7c4068a8c44014b2d55f3c3f574c376b2494ca9cc73d2f1bd692382b6dffe3db",
                "sha256:7c7e5fa88d9ff656e067876e4736379cc962d185d5cd808014a8a928d529ef4e",
                "sha256:7f5ae4f304257569ef3b948810816bc87c9146e8c446053539947eedeaa32786",
                "sha256:82691fda7c3f77c90e62da69ae60b5ac08e87e775b09813559f8901a88266552",
                "sha256:8737609c3bbdd48e380d463134a35ffad3b22dc56295eff6f79fd85bd0eeeb25",
                "sha256:9f411b2c3f3d76bba0865b35a425157c5dcf54937f82bbeb3d3c180789dd66a6",
                "sha256:a6be4cb0ef3b8c9250c19cc122267263093eee7edd4e3fa75395dfda8c17a8e2",
                "sha256:bcb238c9c96c00d3085b264e5c1a1207672577b93fa666c3b14a45240b14123a",
                "sha256:bf2ec4b75d0e9356edea834d1de42b31fe11f726a81dfb2c2112bc1eaa508fcf",
                "sha256:d136337ae3cc69aa5e447e78d8e1514be8c3ec9b54264e680cf0b4bd9011574f",
                "sha256:d4bf4d43077db55589ffc9009c0ba0a94fa4908b9586d6ccce2e0b164c86303c",
                "sha256:d6a96eef20f639e6a97d23e57dd0c1b1069a7b4fd7027482a4c5c451cd7732f4",
                "sha256:d9caa9d5e682102453d96a0ee10c7241b72859b01a941a397fd965f23b3e016b",
                "sha256:dd1c8f6bd65d07d3810b90d02eba7997e32abbdf1277a481d698969e921a3be0",
                "sha256:e31f0bb5928b793169b87e3d1e070f2342b22d5245c755e2b81caa29756246c3",
                "sha256:ecb55251139706669fdec2ff073c98ef8e9a84473e51e716211b41aa0f18e656",
                "sha256:ee5ec40fdd06d62fe5d4084bef4fd50fd4bb6bfd2bf519365f569dc470163ab0",
                "sha256:f17e562de9edf691a42ddb1eb4a5541c20dd3f9e65b09ded2beb0799c0cf29bb",
                "sha256:fdffbfb6832cd0b300995a2b08b8f6fa9f6e856d562800fea9182316d99c4e8e"
            ],
            "markers": "python_version < '3.11' and python_version >= '3.7'",
            "version": "==1.21.6"
        },
        "pybedtools": {
            "hashes": [
                "sha256:586a626895b1b7215aef877e985c03fd8a908fd6c636e5b9ff8a1a1d09a1d514"
            ],
            "index": "pypi",
            "version": "==0.9.1"
        },
        "pysam": {
            "hashes": [
                "sha256:021fbf6874ad998aba19be33828ad9d23d52273643793488ac4b12917d714c68",
                "sha256:116278a7caa122b2b8acc56d13b3599be9b1236f27a12488bffc306858ff0d57",
                "sha256:1b84f99aa04e30bd1cc35c01bd41c2b7680131f56c71a740805aff8086f24b56",
                "sha256:26199e403855b9da45341d25682e0df27013687d9cb1b4fd328136fbd506292b",
                "sha256:32042e0bf3c5dd8554769442c2e1f7b6ada902c33ee44c616d0403e7acd12ee3",
                "sha256:34f5653a82138d28a8e86205785a0398eb6c89f776b4145ff42783168757323c",
                "sha256:4779a99d1ece17a98724d87a5c10c455cf212b3baa3a8399d3d072e4d0ae5ba0",
                "sha256:481e4efbfbc07b6b92194a005cb9a98006c8378024f41c7b66c58b14f6e77f9c",
                "sha256:4f6657a09c81333adb5545cf9a20d4c2ca1686acf8609ad58f13b3ec1b52a9cf",
                "sha256:6d6aa2346b11ad35e88c65eb0067321318c25c7f35f75c98061173eabefcf8b0",
                "sha256:6ffe5c98725fea54b1b2aa8f14a60ee9ceaed32c04460d1b861a62603dcd7153",
                "sha256:83776ba587eb9575a209efed1cedb49d69c5fa6cc520dd722a0a09d0bb4e9b87",
                "sha256:87dbf72f3e61fd6d3f92b1b683d9a9e797b6cc213ffcd971899f24a16f9f6e8f",
                "sha256:93eb12be3822fb387e5438811f62a0f5e56c1edd5c830aaa316fb50d3d0bc181",
                "sha256:942dd4a2263996bc2daa21200886e9fde027f32ce8820e7832b20bbdb97eb393",
                "sha256:9af1cd3d07fd4c84e9b3d8a46c65b25f95278185bc6d44c4a48951679d5189ac",
                "sha256:9b8e18520e7a79bad91b44cf9199c7fa42cec5c3020024d7ef9a7161d0099bf8",
                "sha256:9ba53f9b0b2c5cb57908855cdb35a31b34c5211d215aa01bdb3e9b3d05c659cc",
                "sha256:9bfebf89b1dc2ff6f88d64b5f05d8630deb89562b22764f8ee7f6fa9e677bb91",
                "sha256:9d3ebb1515c2fd9b11823469e5b211ca3cc89e976c00c284a2190804c9f11726",
                "sha256:a98d1ddca64943f3ead507721e52466aea2f7303e549d4960a2eb1d9fff8e3d7",
                "sha256:ab7a46973cf0ab8c6ac327f4c3fb67698d7ccbeef8631a716898c6ba01ef3e45",
                "sha256:bb61bf30c15f6767403b423b04c293e96fd7635457b506c849aafcf48fc13242",
                "sha256:cfd2b858c7405cf38c730cba779ddf9f8cff28b4842c6440e64781650dcb9a52",
                "sha256:da2f1af461e44d5c2c7210d458ee216f8ab98486adf1eea6c88eea5c1058a62f",
                "sha256:f23b2f47528b94e8abe3b700103fb1214c623ae1c1b8125ecf22d4d33d76720f",
                "sha256:f73d7923c89618fb7024875ed8eddc5fb0c911f430e3495de482fcee48143e45"
            ],
            "markers": "python_version >= '3.6'",
            "version": "==0.22.0"
        },
        "six": {
            "hashes": [
                "sha256:1e61c37477a1626458e36f7b1d82aa5c9b094fa4802892072e49de9c60c4c926",
                "sha256:8abb2f1d86890a2dfb989f9a77cfcfd3e47c2a354b01111771326f8aa26e0254"
            ],
            "markers": "python_version >= '2.7' and python_version not in '3.0, 3.1, 3.2, 3.3'",
            "version": "==1.16.0"
        },
        "termcolor": {
            "hashes": [
                "sha256:3afb05607b89aed0ffe25202399ee0867ad4d3cb4180d98aaf8eefa6a5f7d475",
                "sha256:b5b08f68937f138fe92f6c089b99f1e2da0ae56c52b78bf7075fd95420fd9a5a"
            ],
            "markers": "python_version >= '3.7'",
            "version": "==2.3.0"
        }
    },
    "develop": {}
}
